
Microsoft Visual Studio Solution File, Format Version 12.00
# Visual Studio Version 17
VisualStudioVersion = 17.5.33627.172
MinimumVisualStudioVersion = 10.0.40219.1
Project("{FAE04EC0-301F-11D3-BF4B-00C04F79EFBC}") = "08_05_InClassTask_Hw", "08_05_InClassTask_Hw\08_05_InClassTask_Hw.csproj", "{72516BCD-41A6-4170-AC21-09D945687F94}"
EndProject
Global
	GlobalSection(SolutionConfigurationPlatforms) = preSolution
		Debug|Any CPU = Debug|Any CPU
		Release|Any CPU = Release|Any CPU
	EndGlobalSection
	GlobalSection(ProjectConfigurationPlatforms) = postSolution
		{72516BCD-41A6-4170-AC21-09D945687F94}.Debug|Any CPU.ActiveCfg = Debug|Any CPU
		{72516BCD-41A6-4170-AC21-09D945687F94}.Debug|Any CPU.Build.0 = Debug|Any CPU
		{72516BCD-41A6-4170-AC21-09D945687F94}.Release|Any CPU.ActiveCfg = Release|Any CPU
		{72516BCD-41A6-4170-AC21-09D945687F94}.Release|Any CPU.Build.0 = Release|Any CPU
	EndGlobalSection
	GlobalSection(SolutionProperties) = preSolution
		HideSolutionNode = FALSE
	EndGlobalSection
	GlobalSection(ExtensibilityGlobals) = postSolution
		SolutionGuid = {577D5A40-868C-4EBA-A514-B66E1FD1D84B}
	EndGlobalSection
EndGlobal
